# This file is automatically @generated by Cargo.
# It is not intended for manual editing.
version = 4

[[package]]
name = "windowdeck-client"
version = "0.1.0"
dependencies = [
 "windowdeck-diagnostics",
 "windowdeck-protocol",
]

[[package]]
name = "windowdeck-diagnostics"
version = "0.1.0"

[[package]]
name = "windowdeck-host"
version = "0.1.0"
dependencies = [
 "windowdeck-diagnostics",
 "windowdeck-protocol",
]

[[package]]
name = "windowdeck-protocol"
version = "0.1.0"
